// !$*UTF8*$!
{
	archiveVersion = 1;
	classes = {
	};
	objectVersion = 46;
	objects = {

/* Begin PBXBuildFile section */
		766913EC2072F817002C6F8E /* AppDelegate.swift in Sources */ = {isa = PBXBuildFile; fileRef = 766913EB2072F817002C6F8E /* AppDelegate.swift */; };
		766913EE2072F817002C6F8E /* ViewController.swift in Sources */ = {isa = PBXBuildFile; fileRef = 766913ED2072F817002C6F8E /* ViewController.swift */; };
		766913F12072F817002C6F8E /* Main.storyboard in Resources */ = {isa = PBXBuildFile; fileRef = 766913EF2072F817002C6F8E /* Main.storyboard */; };
		766913F42072F817002C6F8E /* TaskApp.xcdatamodeld in Sources */ = {isa = PBXBuildFile; fileRef = 766913F22072F817002C6F8E /* TaskApp.xcdatamodeld */; };
		766913F62072F817002C6F8E /* Assets.xcassets in Resources */ = {isa = PBXBuildFile; fileRef = 766913F52072F817002C6F8E /* Assets.xcassets */; };
		766913F92072F817002C6F8E /* LaunchScreen.storyboard in Resources */ = {isa = PBXBuildFile; fileRef = 766913F72072F817002C6F8E /* LaunchScreen.storyboard */; };
		76691401207305FD002C6F8E /* TasksVC.swift in Sources */ = {isa = PBXBuildFile; fileRef = 76691400207305FD002C6F8E /* TasksVC.swift */; };
		7669140320737901002C6F8E /* CoreDataHandler.swift in Sources */ = {isa = PBXBuildFile; fileRef = 7669140220737901002C6F8E /* CoreDataHandler.swift */; };
		76F6294F2074434C00BD413C /* RecieveDataVC.swift in Sources */ = {isa = PBXBuildFile; fileRef = 76F6294E2074434C00BD413C /* RecieveDataVC.swift */; };
/* End PBXBuildFile section */

/* Begin PBXFileReference section */
		766913E82072F817002C6F8E /* TaskApp.app */ = {isa = PBXFileReference; explicitFileType = wrapper.application; includeInIndex = 0; path = TaskApp.app; sourceTree = BUILT_PRODUCTS_DIR; };
		766913EB2072F817002C6F8E /* AppDelegate.swift */ = {isa = PBXFileReference; lastKnownFileType = sourcecode.swift; path = AppDelegate.swift; sourceTree = "<group>"; };
		766913ED2072F817002C6F8E /* ViewController.swift */ = {isa = PBXFileReference; lastKnownFileType = sourcecode.swift; path = ViewController.swift; sourceTree = "<group>"; };
		766913F02072F817002C6F8E /* Base */ = {isa = PBXFileReference; lastKnownFileType = file.storyboard; name = Base; path = Base.lproj/Main.storyboard; sourceTree = "<group>"; };
		766913F32072F817002C6F8E /* TaskApp.xcdatamodel */ = {isa = PBXFileReference; lastKnownFileType = wrapper.xcdatamodel; path = TaskApp.xcdatamodel; sourceTree = "<group>"; };
		766913F52072F817002C6F8E /* Assets.xcassets */ = {isa = PBXFileReference; lastKnownFileType = folder.assetcatalog; path = Assets.xcassets; sourceTree = "<group>"; };
		766913F82072F817002C6F8E /* Base */ = {isa = PBXFileReference; lastKnownFileType = file.storyboard; name = Base; path = Base.lproj/LaunchScreen.storyboard; sourceTree = "<group>"; };
		766913FA2072F817002C6F8E /* Info.plist */ = {isa = PBXFileReference; lastKnownFileType = text.plist.xml; path = Info.plist; sourceTree = "<group>"; };
		76691400207305FD002C6F8E /* TasksVC.swift */ = {isa = PBXFileReference; fileEncoding = 4; lastKnownFileType = sourcecode.swift; path = TasksVC.swift; sourceTree = "<group>"; };
		7669140220737901002C6F8E /* CoreDataHandler.swift */ = {isa = PBXFileReference; fileEncoding = 4; lastKnownFileType = sourcecode.swift; path = CoreDataHandler.swift; sourceTree = "<group>"; };
		76F6294E2074434C00BD413C /* RecieveDataVC.swift */ = {isa = PBXFileReference; fileEncoding = 4; lastKnownFileType = sourcecode.swift; path = RecieveDataVC.swift; sourceTree = "<group>"; };
/* End PBXFileReference section */

/* Begin PBXFrameworksBuildPhase section */
		766913E52072F817002C6F8E /* Frameworks */ = {
			isa = PBXFrameworksBuildPhase;
			buildActionMask = 2147483647;
			files = (
			);
			runOnlyForDeploymentPostprocessing = 0;
		};
/* End PBXFrameworksBuildPhase section */

/* Begin PBXGroup section */
		766913DF2072F817002C6F8E = {
			isa = PBXGroup;
			children = (
				766913EA2072F817002C6F8E /* TaskApp */,
				766913E92072F817002C6F8E /* Products */,
			);
			sourceTree = "<group>";
		};
		766913E92072F817002C6F8E /* Products */ = {
			isa = PBXGroup;
			children = (
				766913E82072F817002C6F8E /* TaskApp.app */,
			);
			name = Products;
			sourceTree = "<group>";
		};
		766913EA2072F817002C6F8E /* TaskApp */ = {
			isa = PBXGroup;
			children = (
				766913EB2072F817002C6F8E /* AppDelegate.swift */,
				7669140520737924002C6F8E /* Controller */,
				766913EF2072F817002C6F8E /* Main.storyboard */,
				7669140420737911002C6F8E /* Model */,
				766914062073793E002C6F8E /* sunporting files */,
			);
			path = TaskApp;
			sourceTree = "<group>";
		};
		7669140420737911002C6F8E /* Model */ = {
			isa = PBXGroup;
			children = (
				7669140220737901002C6F8E /* CoreDataHandler.swift */,
			);
			name = Model;
			sourceTree = "<group>";
		};
		7669140520737924002C6F8E /* Controller */ = {
			isa = PBXGroup;
			children = (
				766913ED2072F817002C6F8E /* ViewController.swift */,
				76F6294E2074434C00BD413C /* RecieveDataVC.swift */,
				76691400207305FD002C6F8E /* TasksVC.swift */,
			);
			name = Controller;
			sourceTree = "<group>";
		};
		766914062073793E002C6F8E /* sunporting files */ = {
			isa = PBXGroup;
			children = (
				766913F52072F817002C6F8E /* Assets.xcassets */,
				766913F72072F817002C6F8E /* LaunchScreen.storyboard */,
				766913FA2072F817002C6F8E /* Info.plist */,
				766913F22072F817002C6F8E /* TaskApp.xcdatamodeld */,
			);
			name = "sunporting files";
			sourceTree = "<group>";
		};
/* End PBXGroup section */

/* Begin PBXNativeTarget section */
		766913E72072F817002C6F8E /* TaskApp */ = {
			isa = PBXNativeTarget;
			buildConfigurationList = 766913FD2072F817002C6F8E /* Build configuration list for PBXNativeTarget "TaskApp" */;
			buildPhases = (
				766913E42072F817002C6F8E /* Sources */,
				766913E52072F817002C6F8E /* Frameworks */,
				766913E62072F817002C6F8E /* Resources */,
			);
			buildRules = (
			);
			dependencies = (
			);
			name = TaskApp;
			productName = TaskApp;
			productReference = 766913E82072F817002C6F8E /* TaskApp.app */;
			productType = "com.apple.product-type.application";
		};
/* End PBXNativeTarget section */

/* Begin PBXProject section */
		766913E02072F817002C6F8E /* Project object */ = {
			isa = PBXProject;
			attributes = {
				LastSwiftUpdateCheck = 0830;
				LastUpgradeCheck = 0830;
				ORGANIZATIONNAME = "Have a Mission";
				TargetAttributes = {
					766913E72072F817002C6F8E = {
						CreatedOnToolsVersion = 8.3.3;
						ProvisioningStyle = Automatic;
					};
				};
			};
			buildConfigurationList = 766913E32072F817002C6F8E /* Build configuration list for PBXProject "TaskApp" */;
			compatibilityVersion = "Xcode 3.2";
			developmentRegion = English;
			hasScannedForEncodings = 0;
			knownRegions = (
				en,
				Base,
			);
			mainGroup = 766913DF2072F817002C6F8E;
			productRefGroup = 766913E92072F817002C6F8E /* Products */;
			projectDirPath = "";
			projectRoot = "";
			targets = (
				766913E72072F817002C6F8E /* TaskApp */,
			);
		};
/* End PBXProject section */

/* Begin PBXResourcesBuildPhase section */
		766913E62072F817002C6F8E /* Resources */ = {
			isa = PBXResourcesBuildPhase;
			buildActionMask = 2147483647;
			files = (
				766913F92072F817002C6F8E /* LaunchScreen.storyboard in Resources */,
				766913F62072F817002C6F8E /* Assets.xcassets in Resources */,
				766913F12072F817002C6F8E /* Main.storyboard in Resources */,
			);
			runOnlyForDeploymentPostprocessing = 0;
		};
/* End PBXResourcesBuildPhase section */

/* Begin PBXSourcesBuildPhase section */
		766913E42072F817002C6F8E /* Sources */ = {
			isa = PBXSourcesBuildPhase;
			buildActionMask = 2147483647;
			files = (
				766913EE2072F817002C6F8E /* ViewController.swift in Sources */,
				7669140320737901002C6F8E /* CoreDataHandler.swift in Sources */,
				766913EC2072F817002C6F8E /* AppDelegate.swift in Sources */,
				766913F42072F817002C6F8E /* TaskApp.xcdatamodeld in Sources */,
				76F6294F2074434C00BD413C /* RecieveDataVC.swift in Sources */,
				76691401207305FD002C6F8E /* TasksVC.swift in Sources */,
			);
			runOnlyForDeploymentPostprocessing = 0;
		};
/* End PBXSourcesBuildPhase section */

/* Begin PBXVariantGroup section */
		766913EF2072F817002C6F8E /* Main.storyboard */ = {
			isa = PBXVariantGroup;
			children = (
				766913F02072F817002C6F8E /* Base */,
			);
			name = Main.storyboard;
			sourceTree = "<group>";
		};
		766913F72072F817002C6F8E /* LaunchScreen.storyboard */ = {
			isa = PBXVariantGroup;
			children = (
				766913F82072F817002C6F8E /* Base */,
			);
			name = LaunchScreen.storyboard;
			sourceTree = "<group>";
		};
/* End PBXVariantGroup section */

/* Begin XCBuildConfiguration section */
		766913FB2072F817002C6F8E /* Debug */ = {
			isa = XCBuildConfiguration;
			buildSettings = {
				ALWAYS_SEARCH_USER_PATHS = NO;
				CLANG_ANALYZER_NONNULL = YES;
				CLANG_ANALYZER_NUMBER_OBJECT_CONVERSION = YES_AGGRESSIVE;
				CLANG_CXX_LANGUAGE_STANDARD = "gnu++0x";
				CLANG_CXX_LIBRARY = "libc++";
				CLANG_ENABLE_MODULES = YES;
				CLANG_ENABLE_OBJC_ARC = YES;
				CLANG_WARN_BOOL_CONVERSION = YES;
				CLANG_WARN_CONSTANT_CONVERSION = YES;
				CLANG_WARN_DIRECT_OBJC_ISA_USAGE = YES_ERROR;
				CLANG_WARN_DOCUMENTATION_COMMENTS = YES;
				CLANG_WARN_EMPTY_BODY = YES;
				CLANG_WARN_ENUM_CONVERSION = YES;
				CLANG_WARN_INFINITE_RECURSION = YES;
				CLANG_WARN_INT_CONVERSION = YES;
				CLANG_WARN_OBJC_ROOT_CLASS = YES_ERROR;
				CLANG_WARN_SUSPICIOUS_MOVE = YES;
				CLANG_WARN_UNREACHABLE_CODE = YES;
				CLANG_WARN__DUPLICATE_METHOD_MATCH = YES;
				"CODE_SIGN_IDENTITY[sdk=iphoneos*]" = "iPhone Developer";
				COPY_PHASE_STRIP = NO;
				DEBUG_INFORMATION_FORMAT = dwarf;
				ENABLE_STRICT_OBJC_MSGSEND = YES;
				ENABLE_TESTABILITY = YES;
				GCC_C_LANGUAGE_STANDARD = gnu99;
				GCC_DYNAMIC_NO_PIC = NO;
				GCC_NO_COMMON_BLOCKS = YES;
				GCC_OPTIMIZATION_LEVEL = 0;
				GCC_PREPROCESSOR_DEFINITIONS = (
					"DEBUG=1",
					"$(inherited)",
				);
				GCC_WARN_64_TO_32_BIT_CONVERSION = YES;
				GCC_WARN_ABOUT_RETURN_TYPE = YES_ERROR;
				GCC_WARN_UNDECLARED_SELECTOR = YES;
				GCC_WARN_UNINITIALIZED_AUTOS = YES_AGGRESSIVE;
				GCC_WARN_UNUSED_FUNCTION = YES;
				GCC_WARN_UNUSED_VARIABLE = YES;
				IPHONEOS_DEPLOYMENT_TARGET = 10.3;
				MTL_ENABLE_DEBUG_INFO = YES;
				ONLY_ACTIVE_ARCH = YES;
				SDKROOT = iphoneos;
				SWIFT_ACTIVE_COMPILATION_CONDITIONS = DEBUG;
				SWIFT_OPTIMIZATION_LEVEL = "-Onone";
				TARGETED_DEVICE_FAMILY = "1,2";
			};
			name = Debug;
		};
		766913FC2072F817002C6F8E /* Release */ = {
			isa = XCBuildConfiguration;
			buildSettings = {
				ALWAYS_SEARCH_USER_PATHS = NO;
				CLANG_ANALYZER_NONNULL = YES;
				CLANG_ANALYZER_NUMBER_OBJECT_CONVERSION = YES_AGGRESSIVE;
				CLANG_CXX_LANGUAGE_STANDARD = "gnu++0x";
				CLANG_CXX_LIBRARY = "libc++";
				CLANG_ENABLE_MODULES = YES;
				CLANG_ENABLE_OBJC_ARC = YES;
				CLANG_WARN_BOOL_CONVERSION = YES;
				CLANG_WARN_CONSTANT_CONVERSION = YES;
				CLANG_WARN_DIRECT_OBJC_ISA_USAGE = YES_ERROR;
				CLANG_WARN_DOCUMENTATION_COMMENTS = YES;
				CLANG_WARN_EMPTY_BODY = YES;
				CLANG_WARN_ENUM_CONVERSION = YES;
				CLANG_WARN_INFINITE_RECURSION = YES;
				CLANG_WARN_INT_CONVERSION = YES;
				CLANG_WARN_OBJC_ROOT_CLASS = YES_ERROR;
				CLANG_WARN_SUSPICIOUS_MOVE = YES;
				CLANG_WARN_UNREACHABLE_CODE = YES;
				CLANG_WARN__DUPLICATE_METHOD_MATCH = YES;
				"CODE_SIGN_IDENTITY[sdk=iphoneos*]" = "iPhone Developer";
				COPY_PHASE_STRIP = NO;
				DEBUG_INFORMATION_FORMAT = "dwarf-with-dsym";
				ENABLE_NS_ASSERTIONS = NO;
				ENABLE_STRICT_OBJC_MSGSEND = YES;
				GCC_C_LANGUAGE_STANDARD = gnu99;
				GCC_NO_COMMON_BLOCKS = YES;
				GCC_WARN_64_TO_32_BIT_CONVERSION = YES;
				GCC_WARN_ABOUT_RETURN_TYPE = YES_ERROR;
				GCC_WARN_UNDECLARED_SELECTOR = YES;
				GCC_WARN_UNINITIALIZED_AUTOS = YES_AGGRESSIVE;
				GCC_WARN_UNUSED_FUNCTION = YES;
				GCC_WARN_UNUSED_VARIABLE = YES;
				IPHONEOS_DEPLOYMENT_TARGET = 10.3;
				MTL_ENABLE_DEBUG_INFO = NO;
				SDKROOT = iphoneos;
				SWIFT_OPTIMIZATION_LEVEL = "-Owholemodule";
				TARGETED_DEVICE_FAMILY = "1,2";
				VALIDATE_PRODUCT = YES;
			};
			name = Release;
		};
		766913FE2072F817002C6F8E /* Debug */ = {
			isa = XCBuildConfiguration;
			buildSettings = {
				ASSETCATALOG_COMPILER_APPICON_NAME = AppIcon;
				INFOPLIST_FILE = TaskApp/Info.plist;
				LD_RUNPATH_SEARCH_PATHS = "$(inherited) @executable_path/Frameworks";
				PRODUCT_BUNDLE_IDENTIFIER = adel.TaskApp;
				PRODUCT_NAME = "$(TARGET_NAME)";
				SWIFT_VERSION = 3.0;
			};
			name = Debug;
		};
		766913FF2072F817002C6F8E /* Release */ = {
			isa = XCBuildConfiguration;
			buildSettings = {
				ASSETCATALOG_COMPILER_APPICON_NAME = AppIcon;
				INFOPLIST_FILE = TaskApp/Info.plist;
				LD_RUNPATH_SEARCH_PATHS = "$(inherited) @executable_path/Frameworks";
				PRODUCT_BUNDLE_IDENTIFIER = adel.TaskApp;
				PRODUCT_NAME = "$(TARGET_NAME)";
				SWIFT_VERSION = 3.0;
			};
			name = Release;
		};
/* End XCBuildConfiguration section */

/* Begin XCConfigurationList section */
		766913E32072F817002C6F8E /* Build configuration list for PBXProject "TaskApp" */ = {
			isa = XCConfigurationList;
			buildConfigurations = (
				766913FB2072F817002C6F8E /* Debug */,
				766913FC2072F817002C6F8E /* Release */,
			);
			defaultConfigurationIsVisible = 0;
			defaultConfigurationName = Release;
		};
		766913FD2072F817002C6F8E /* Build configuration list for PBXNativeTarget "TaskApp" */ = {
			isa = XCConfigurationList;
			buildConfigurations = (
				766913FE2072F817002C6F8E /* Debug */,
				766913FF2072F817002C6F8E /* Release */,
			);
			defaultConfigurationIsVisible = 0;
			defaultConfigurationName = Release;
		};
/* End XCConfigurationList section */

/* Begin XCVersionGroup section */
		766913F22072F817002C6F8E /* TaskApp.xcdatamodeld */ = {
			isa = XCVersionGroup;
			children = (
				766913F32072F817002C6F8E /* TaskApp.xcdatamodel */,
			);
			currentVersion = 766913F32072F817002C6F8E /* TaskApp.xcdatamodel */;
			path = TaskApp.xcdatamodeld;
			sourceTree = "<group>";
			versionGroupType = wrapper.xcdatamodel;
		};
/* End XCVersionGroup section */
	};
	rootObject = 766913E02072F817002C6F8E /* Project object */;
}
